
Microsoft Visual Studio Solution File, Format Version 12.00
# Visual Studio Version 16
VisualStudioVersion = 16.0.810.0
MinimumVisualStudioVersion = 10.0.40219.1
Project("{FAE04EC0-301F-11D3-BF4B-00C04F79EFBC}") = "CSHARP", "CSHARP.csproj", "{504A7A26-03F7-4890-8AF8-0EBD56592A28}"
EndProject
Project("{FAE04EC0-301F-11D3-BF4B-00C04F79EFBC}") = "EXCECOES", "EXCECOES\EXCECOES.csproj", "{D8300A00-3AB1-46DE-AFEF-7B31842859B6}"
EndProject
Project("{FAE04EC0-301F-11D3-BF4B-00C04F79EFBC}") = "OO_HERANCAS_INTERFACES", "OO_HERANCAS_INTERFACES\OO_HERANCAS_INTERFACES.csproj", "{8F64C33A-B31F-40A5-8646-B3F3B4C3791F}"
EndProject
Global
	GlobalSection(SolutionConfigurationPlatforms) = preSolution
		Debug|Any CPU = Debug|Any CPU
		Release|Any CPU = Release|Any CPU
	EndGlobalSection
	GlobalSection(ProjectConfigurationPlatforms) = postSolution
		{504A7A26-03F7-4890-8AF8-0EBD56592A28}.Debug|Any CPU.ActiveCfg = Debug|Any CPU
		{504A7A26-03F7-4890-8AF8-0EBD56592A28}.Debug|Any CPU.Build.0 = Debug|Any CPU
		{504A7A26-03F7-4890-8AF8-0EBD56592A28}.Release|Any CPU.ActiveCfg = Release|Any CPU
		{504A7A26-03F7-4890-8AF8-0EBD56592A28}.Release|Any CPU.Build.0 = Release|Any CPU
		{D8300A00-3AB1-46DE-AFEF-7B31842859B6}.Debug|Any CPU.ActiveCfg = Debug|Any CPU
		{D8300A00-3AB1-46DE-AFEF-7B31842859B6}.Debug|Any CPU.Build.0 = Debug|Any CPU
		{D8300A00-3AB1-46DE-AFEF-7B31842859B6}.Release|Any CPU.ActiveCfg = Release|Any CPU
		{D8300A00-3AB1-46DE-AFEF-7B31842859B6}.Release|Any CPU.Build.0 = Release|Any CPU
		{8F64C33A-B31F-40A5-8646-B3F3B4C3791F}.Debug|Any CPU.ActiveCfg = Debug|Any CPU
		{8F64C33A-B31F-40A5-8646-B3F3B4C3791F}.Debug|Any CPU.Build.0 = Debug|Any CPU
		{8F64C33A-B31F-40A5-8646-B3F3B4C3791F}.Release|Any CPU.ActiveCfg = Release|Any CPU
		{8F64C33A-B31F-40A5-8646-B3F3B4C3791F}.Release|Any CPU.Build.0 = Release|Any CPU
	EndGlobalSection
	GlobalSection(SolutionProperties) = preSolution
		HideSolutionNode = FALSE
	EndGlobalSection
	GlobalSection(ExtensibilityGlobals) = postSolution
		SolutionGuid = {74E777BE-8E0E-49A6-8F99-B791C43515DA}
	EndGlobalSection
EndGlobal
